
Microsoft Visual Studio Solution File, Format Version 12.00
Project("{FAE04EC0-301F-11D3-BF4B-00C04F79EFBC}") = "Task1.0", "Task1.0\Task1.0.csproj", "{E229C7ED-AD1E-4919-B4BE-38536B2D6200}"
EndProject
Project("{FAE04EC0-301F-11D3-BF4B-00C04F79EFBC}") = "Task1.1", "Task1.1\Task1.1.csproj", "{B48D3E22-7811-4FBC-85EA-E745B814E1B2}"
EndProject
Project("{FAE04EC0-301F-11D3-BF4B-00C04F79EFBC}") = "Task1.2", "Task1.2\Task1.2.csproj", "{1D2AFC21-7A66-49C1-8BA2-60F184CACA1C}"
EndProject
Project("{FAE04EC0-301F-11D3-BF4B-00C04F79EFBC}") = "Task1.3", "Task1.3\Task1.3.csproj", "{690898FA-8AF2-4D0F-BD1C-87129E25C725}"
EndProject
Global
	GlobalSection(SolutionConfigurationPlatforms) = preSolution
		Debug|Any CPU = Debug|Any CPU
		Release|Any CPU = Release|Any CPU
	EndGlobalSection
	GlobalSection(ProjectConfigurationPlatforms) = postSolution
		{E229C7ED-AD1E-4919-B4BE-38536B2D6200}.Debug|Any CPU.ActiveCfg = Debug|Any CPU
		{E229C7ED-AD1E-4919-B4BE-38536B2D6200}.Debug|Any CPU.Build.0 = Debug|Any CPU
		{E229C7ED-AD1E-4919-B4BE-38536B2D6200}.Release|Any CPU.ActiveCfg = Release|Any CPU
		{E229C7ED-AD1E-4919-B4BE-38536B2D6200}.Release|Any CPU.Build.0 = Release|Any CPU
		{B48D3E22-7811-4FBC-85EA-E745B814E1B2}.Debug|Any CPU.ActiveCfg = Debug|Any CPU
		{B48D3E22-7811-4FBC-85EA-E745B814E1B2}.Debug|Any CPU.Build.0 = Debug|Any CPU
		{B48D3E22-7811-4FBC-85EA-E745B814E1B2}.Release|Any CPU.ActiveCfg = Release|Any CPU
		{B48D3E22-7811-4FBC-85EA-E745B814E1B2}.Release|Any CPU.Build.0 = Release|Any CPU
		{1D2AFC21-7A66-49C1-8BA2-60F184CACA1C}.Debug|Any CPU.ActiveCfg = Debug|Any CPU
		{1D2AFC21-7A66-49C1-8BA2-60F184CACA1C}.Debug|Any CPU.Build.0 = Debug|Any CPU
		{1D2AFC21-7A66-49C1-8BA2-60F184CACA1C}.Release|Any CPU.ActiveCfg = Release|Any CPU
		{1D2AFC21-7A66-49C1-8BA2-60F184CACA1C}.Release|Any CPU.Build.0 = Release|Any CPU
		{690898FA-8AF2-4D0F-BD1C-87129E25C725}.Debug|Any CPU.ActiveCfg = Debug|Any CPU
		{690898FA-8AF2-4D0F-BD1C-87129E25C725}.Debug|Any CPU.Build.0 = Debug|Any CPU
		{690898FA-8AF2-4D0F-BD1C-87129E25C725}.Release|Any CPU.ActiveCfg = Release|Any CPU
		{690898FA-8AF2-4D0F-BD1C-87129E25C725}.Release|Any CPU.Build.0 = Release|Any CPU
	EndGlobalSection
EndGlobal
